{
  "name": "mom-please-get-me-so-me-zucchini-from-sho-p",
  "version": "1.0.0",
  "lockfileVersion": 1,
  "requires": true,
  "dependencies": {
    "@babel/runtime-corejs2": {
      "version": "7.3.1",
      "resolved": "https://registry.npmjs.org/@babel/runtime-corejs2/-/runtime-corejs2-7.3.1.tgz",
      "integrity": "sha512-YpO13776h3e6Wy8dl2J8T9Qwlvopr+b4trCEhHE+yek6yIqV8sx6g3KozdHMbXeBpjosbPi+Ii5Z7X9oXFHUKA==",
      "requires": {
        "core-js": "^2.5.7",
        "regenerator-runtime": "^0.12.0"
      }
    },
    "core-js": {
      "version": "2.6.3",
      "resolved": "https://registry.npmjs.org/core-js/-/core-js-2.6.3.tgz",
      "integrity": "sha512-l00tmFFZOBHtYhN4Cz7k32VM7vTn3rE2ANjQDxdEN6zmXZ/xq1jQuutnmHvMG1ZJ7xd72+TA5YpUK8wz3rWsfQ=="
    },
    "esm": {
      "version": "3.1.1",
      "resolved": "https://registry.npmjs.org/esm/-/esm-3.1.1.tgz",
      "integrity": "sha512-Md2pR4IbR37UqubbgbA4+wiBorOEFB05Oo+g4WJW7W2ajiOhUfjZt77NzzCoQdrCb40GdKcflitm+XHDF053OQ=="
    },
    "regenerator-runtime": {
      "version": "0.12.1",
      "resolved": "https://registry.npmjs.org/regenerator-runtime/-/regenerator-runtime-0.12.1.tgz",
      "integrity": "sha512-odxIc1/vDlo4iZcfXqRYFj0vpXFNoGdKMAUieAlFYO6m/nl5e9KR/beGf41z4a1FI+aQgtjhuaSlDxQ0hmkrHg=="
    },
    "xregexp": {
      "version": "4.2.4",
      "resolved": "https://registry.npmjs.org/xregexp/-/xregexp-4.2.4.tgz",
      "integrity": "sha512-sO0bYdYeJAJBcJA8g7MJJX7UrOZIfJPd8U2SC7B2Dd/J24U0aQNoGp33shCaBSWeb0rD5rh6VBUIXOkGal1TZA==",
      "requires": {
        "@babel/runtime-corejs2": "^7.2.0"
      }
    }
  }
}
